
Microsoft Visual Studio Solution File, Format Version 12.00
# Visual Studio Version 17
VisualStudioVersion = 17.10.34825.169
MinimumVisualStudioVersion = 10.0.40219.1
Project("{9A19103F-16F7-4668-BE54-9A1E7A4F7556}") = "GYM Management System", "GYM Management System.csproj", "{28F37A2F-91AB-48E1-AD41-9A5B056306B5}"
EndProject
Project("{54435603-DBB4-11D2-8724-00A0C9A8B90C}") = "GYM-Management-System", "..\GYM-Management-System\GYM-Management-System.vdproj", "{FA39D99A-2D6B-4348-A366-000A6AF690E0}"
EndProject
Global
	GlobalSection(SolutionConfigurationPlatforms) = preSolution
		Debug|Any CPU = Debug|Any CPU
		Release|Any CPU = Release|Any CPU
	EndGlobalSection
	GlobalSection(ProjectConfigurationPlatforms) = postSolution
		{28F37A2F-91AB-48E1-AD41-9A5B056306B5}.Debug|Any CPU.ActiveCfg = Debug|Any CPU
		{28F37A2F-91AB-48E1-AD41-9A5B056306B5}.Debug|Any CPU.Build.0 = Debug|Any CPU
		{28F37A2F-91AB-48E1-AD41-9A5B056306B5}.Release|Any CPU.ActiveCfg = Release|Any CPU
		{28F37A2F-91AB-48E1-AD41-9A5B056306B5}.Release|Any CPU.Build.0 = Release|Any CPU
		{FA39D99A-2D6B-4348-A366-000A6AF690E0}.Debug|Any CPU.ActiveCfg = Debug
		{FA39D99A-2D6B-4348-A366-000A6AF690E0}.Release|Any CPU.ActiveCfg = Release
	EndGlobalSection
	GlobalSection(SolutionProperties) = preSolution
		HideSolutionNode = FALSE
	EndGlobalSection
	GlobalSection(ExtensibilityGlobals) = postSolution
		SolutionGuid = {BF1ECE71-8775-43A2-B8FE-DDD019C2941A}
	EndGlobalSection
EndGlobal
